
Microsoft Visual Studio Solution File, Format Version 12.00
# Visual Studio Version 17
VisualStudioVersion = 17.4.33213.308
MinimumVisualStudioVersion = 10.0.40219.1
Project("{FAE04EC0-301F-11D3-BF4B-00C04F79EFBC}") = "Ejercicio 32", "Ejercicio 32.csproj", "{DD7DE62E-9C40-41BF-883A-62A82A47EC28}"
EndProject
Global
	GlobalSection(SolutionConfigurationPlatforms) = preSolution
		Debug|Any CPU = Debug|Any CPU
		Release|Any CPU = Release|Any CPU
	EndGlobalSection
	GlobalSection(ProjectConfigurationPlatforms) = postSolution
		{DD7DE62E-9C40-41BF-883A-62A82A47EC28}.Debug|Any CPU.ActiveCfg = Debug|Any CPU
		{DD7DE62E-9C40-41BF-883A-62A82A47EC28}.Debug|Any CPU.Build.0 = Debug|Any CPU
		{DD7DE62E-9C40-41BF-883A-62A82A47EC28}.Release|Any CPU.ActiveCfg = Release|Any CPU
		{DD7DE62E-9C40-41BF-883A-62A82A47EC28}.Release|Any CPU.Build.0 = Release|Any CPU
	EndGlobalSection
	GlobalSection(SolutionProperties) = preSolution
		HideSolutionNode = FALSE
	EndGlobalSection
	GlobalSection(ExtensibilityGlobals) = postSolution
		SolutionGuid = {5E9154D4-99E0-4CFB-9865-41C925DD9853}
	EndGlobalSection
EndGlobal
